
Microsoft Visual Studio Solution File, Format Version 12.00
# Visual Studio Version 16
VisualStudioVersion = 16.0.29102.190
MinimumVisualStudioVersion = 10.0.40219.1
Project("{FAE04EC0-301F-11D3-BF4B-00C04F79EFBC}") = "Basic Video Player", "Basic Video Player.csproj", "{8C344717-1B77-4F76-B37B-1FD6F6F90128}"
EndProject
Project("{9A19103F-16F7-4668-BE54-9A1E7A4F7556}") = "Basic Video Player.Core", "..\Basic Video Player.Core\Basic Video Player.Core.csproj", "{35CA6FA0-CF25-4BFA-B6CD-90BDE9C5D754}"
EndProject
Global
	GlobalSection(SolutionConfigurationPlatforms) = preSolution
		Debug|Any CPU = Debug|Any CPU
		Debug|ARM = Debug|ARM
		Debug|x64 = Debug|x64
		Debug|x86 = Debug|x86
		Release|Any CPU = Release|Any CPU
		Release|ARM = Release|ARM
		Release|x64 = Release|x64
		Release|x86 = Release|x86
	EndGlobalSection
	GlobalSection(ProjectConfigurationPlatforms) = postSolution
		{8C344717-1B77-4F76-B37B-1FD6F6F90128}.Debug|Any CPU.ActiveCfg = Debug|x86
		{8C344717-1B77-4F76-B37B-1FD6F6F90128}.Debug|ARM.ActiveCfg = Debug|ARM
		{8C344717-1B77-4F76-B37B-1FD6F6F90128}.Debug|ARM.Build.0 = Debug|ARM
		{8C344717-1B77-4F76-B37B-1FD6F6F90128}.Debug|ARM.Deploy.0 = Debug|ARM
		{8C344717-1B77-4F76-B37B-1FD6F6F90128}.Debug|x64.ActiveCfg = Debug|x64
		{8C344717-1B77-4F76-B37B-1FD6F6F90128}.Debug|x64.Build.0 = Debug|x64
		{8C344717-1B77-4F76-B37B-1FD6F6F90128}.Debug|x64.Deploy.0 = Debug|x64
		{8C344717-1B77-4F76-B37B-1FD6F6F90128}.Debug|x86.ActiveCfg = Debug|x86
		{8C344717-1B77-4F76-B37B-1FD6F6F90128}.Debug|x86.Build.0 = Debug|x86
		{8C344717-1B77-4F76-B37B-1FD6F6F90128}.Debug|x86.Deploy.0 = Debug|x86
		{8C344717-1B77-4F76-B37B-1FD6F6F90128}.Release|Any CPU.ActiveCfg = Release|x86
		{8C344717-1B77-4F76-B37B-1FD6F6F90128}.Release|ARM.ActiveCfg = Release|ARM
		{8C344717-1B77-4F76-B37B-1FD6F6F90128}.Release|ARM.Build.0 = Release|ARM
		{8C344717-1B77-4F76-B37B-1FD6F6F90128}.Release|ARM.Deploy.0 = Release|ARM
		{8C344717-1B77-4F76-B37B-1FD6F6F90128}.Release|x64.ActiveCfg = Release|x64
		{8C344717-1B77-4F76-B37B-1FD6F6F90128}.Release|x64.Build.0 = Release|x64
		{8C344717-1B77-4F76-B37B-1FD6F6F90128}.Release|x64.Deploy.0 = Release|x64
		{8C344717-1B77-4F76-B37B-1FD6F6F90128}.Release|x86.ActiveCfg = Release|x86
		{8C344717-1B77-4F76-B37B-1FD6F6F90128}.Release|x86.Build.0 = Release|x86
		{8C344717-1B77-4F76-B37B-1FD6F6F90128}.Release|x86.Deploy.0 = Release|x86
		{35CA6FA0-CF25-4BFA-B6CD-90BDE9C5D754}.Debug|Any CPU.ActiveCfg = Debug|Any CPU
		{35CA6FA0-CF25-4BFA-B6CD-90BDE9C5D754}.Debug|Any CPU.Build.0 = Debug|Any CPU
		{35CA6FA0-CF25-4BFA-B6CD-90BDE9C5D754}.Debug|ARM.ActiveCfg = Debug|Any CPU
		{35CA6FA0-CF25-4BFA-B6CD-90BDE9C5D754}.Debug|ARM.Build.0 = Debug|Any CPU
		{35CA6FA0-CF25-4BFA-B6CD-90BDE9C5D754}.Debug|x64.ActiveCfg = Debug|Any CPU
		{35CA6FA0-CF25-4BFA-B6CD-90BDE9C5D754}.Debug|x64.Build.0 = Debug|Any CPU
		{35CA6FA0-CF25-4BFA-B6CD-90BDE9C5D754}.Debug|x86.ActiveCfg = Debug|Any CPU
		{35CA6FA0-CF25-4BFA-B6CD-90BDE9C5D754}.Debug|x86.Build.0 = Debug|Any CPU
		{35CA6FA0-CF25-4BFA-B6CD-90BDE9C5D754}.Release|Any CPU.ActiveCfg = Release|Any CPU
		{35CA6FA0-CF25-4BFA-B6CD-90BDE9C5D754}.Release|Any CPU.Build.0 = Release|Any CPU
		{35CA6FA0-CF25-4BFA-B6CD-90BDE9C5D754}.Release|ARM.ActiveCfg = Release|Any CPU
		{35CA6FA0-CF25-4BFA-B6CD-90BDE9C5D754}.Release|ARM.Build.0 = Release|Any CPU
		{35CA6FA0-CF25-4BFA-B6CD-90BDE9C5D754}.Release|x64.ActiveCfg = Release|Any CPU
		{35CA6FA0-CF25-4BFA-B6CD-90BDE9C5D754}.Release|x64.Build.0 = Release|Any CPU
		{35CA6FA0-CF25-4BFA-B6CD-90BDE9C5D754}.Release|x86.ActiveCfg = Release|Any CPU
		{35CA6FA0-CF25-4BFA-B6CD-90BDE9C5D754}.Release|x86.Build.0 = Release|Any CPU
	EndGlobalSection
	GlobalSection(SolutionProperties) = preSolution
		HideSolutionNode = FALSE
	EndGlobalSection
	GlobalSection(ExtensibilityGlobals) = postSolution
		SolutionGuid = {5A7343E1-1A79-4FAF-A11C-12F85F630BF6}
	EndGlobalSection
EndGlobal
